// !$*UTF8*$!
{
	archiveVersion = 1;
	classes = {
	};
	objectVersion = 46;
	objects = {

/* Begin PBXBuildFile section */
		DA396D311C9C97B70027293D /* AppDelegate.swift in Sources */ = {isa = PBXBuildFile; fileRef = DA396D301C9C97B70027293D /* AppDelegate.swift */; };
		DA396D331C9C97B70027293D /* TakePictureViewController.swift in Sources */ = {isa = PBXBuildFile; fileRef = DA396D321C9C97B70027293D /* TakePictureViewController.swift */; };
		DA396D361C9C97B70027293D /* Main.storyboard in Resources */ = {isa = PBXBuildFile; fileRef = DA396D341C9C97B70027293D /* Main.storyboard */; };
		DA396D381C9C97B70027293D /* Assets.xcassets in Resources */ = {isa = PBXBuildFile; fileRef = DA396D371C9C97B70027293D /* Assets.xcassets */; };
		DA396D3B1C9C97B70027293D /* LaunchScreen.storyboard in Resources */ = {isa = PBXBuildFile; fileRef = DA396D391C9C97B70027293D /* LaunchScreen.storyboard */; };
		DA396D461C9C97B70027293D /* VisageLogTests.swift in Sources */ = {isa = PBXBuildFile; fileRef = DA396D451C9C97B70027293D /* VisageLogTests.swift */; };
		DA396D511C9C97B70027293D /* VisageLogUITests.swift in Sources */ = {isa = PBXBuildFile; fileRef = DA396D501C9C97B70027293D /* VisageLogUITests.swift */; };
		DA396D5F1C9CA1C30027293D /* Photo.swift in Sources */ = {isa = PBXBuildFile; fileRef = DA396D5E1C9CA1C30027293D /* Photo.swift */; };
		DA396D621C9CA8480027293D /* CoreDataStackManager.swift in Sources */ = {isa = PBXBuildFile; fileRef = DA396D611C9CA8480027293D /* CoreDataStackManager.swift */; };
		DA396D651C9CA86D0027293D /* Model.xcdatamodeld in Sources */ = {isa = PBXBuildFile; fileRef = DA396D631C9CA86D0027293D /* Model.xcdatamodeld */; };
		DA396D671C9CAA750027293D /* CloudVisionClient.swift in Sources */ = {isa = PBXBuildFile; fileRef = DA396D661C9CAA750027293D /* CloudVisionClient.swift */; };
		DA396D691C9CB7E80027293D /* AnalyzePhotoViewController.swift in Sources */ = {isa = PBXBuildFile; fileRef = DA396D681C9CB7E80027293D /* AnalyzePhotoViewController.swift */; };
		DA396D6B1CA1A3C40027293D /* CollectionViewController.swift in Sources */ = {isa = PBXBuildFile; fileRef = DA396D6A1CA1A3C40027293D /* CollectionViewController.swift */; };
		DA396D6D1CA1A9D40027293D /* MoodCollectionViewCell.swift in Sources */ = {isa = PBXBuildFile; fileRef = DA396D6C1CA1A9D40027293D /* MoodCollectionViewCell.swift */; };
		DA396D6F1CA1CABA0027293D /* Extensions.swift in Sources */ = {isa = PBXBuildFile; fileRef = DA396D6E1CA1CABA0027293D /* Extensions.swift */; };
/* End PBXBuildFile section */

/* Begin PBXContainerItemProxy section */
		DA396D421C9C97B70027293D /* PBXContainerItemProxy */ = {
			isa = PBXContainerItemProxy;
			containerPortal = DA396D251C9C97B70027293D /* Project object */;
			proxyType = 1;
			remoteGlobalIDString = DA396D2C1C9C97B70027293D;
			remoteInfo = VisageLog;
		};
		DA396D4D1C9C97B70027293D /* PBXContainerItemProxy */ = {
			isa = PBXContainerItemProxy;
			containerPortal = DA396D251C9C97B70027293D /* Project object */;
			proxyType = 1;
			remoteGlobalIDString = DA396D2C1C9C97B70027293D;
			remoteInfo = VisageLog;
		};
/* End PBXContainerItemProxy section */

/* Begin PBXFileReference section */
		DA396D2D1C9C97B70027293D /* VisageLog.app */ = {isa = PBXFileReference; explicitFileType = wrapper.application; includeInIndex = 0; path = VisageLog.app; sourceTree = BUILT_PRODUCTS_DIR; };
		DA396D301C9C97B70027293D /* AppDelegate.swift */ = {isa = PBXFileReference; lastKnownFileType = sourcecode.swift; path = AppDelegate.swift; sourceTree = "<group>"; };
		DA396D321C9C97B70027293D /* TakePictureViewController.swift */ = {isa = PBXFileReference; lastKnownFileType = sourcecode.swift; path = TakePictureViewController.swift; sourceTree = "<group>"; };
		DA396D351C9C97B70027293D /* Base */ = {isa = PBXFileReference; lastKnownFileType = file.storyboard; name = Base; path = Base.lproj/Main.storyboard; sourceTree = "<group>"; };
		DA396D371C9C97B70027293D /* Assets.xcassets */ = {isa = PBXFileReference; lastKnownFileType = folder.assetcatalog; path = Assets.xcassets; sourceTree = "<group>"; };
		DA396D3A1C9C97B70027293D /* Base */ = {isa = PBXFileReference; lastKnownFileType = file.storyboard; name = Base; path = Base.lproj/LaunchScreen.storyboard; sourceTree = "<group>"; };
		DA396D3C1C9C97B70027293D /* Info.plist */ = {isa = PBXFileReference; lastKnownFileType = text.plist.xml; path = Info.plist; sourceTree = "<group>"; };
		DA396D411C9C97B70027293D /* VisageLogTests.xctest */ = {isa = PBXFileReference; explicitFileType = wrapper.cfbundle; includeInIndex = 0; path = VisageLogTests.xctest; sourceTree = BUILT_PRODUCTS_DIR; };
		DA396D451C9C97B70027293D /* VisageLogTests.swift */ = {isa = PBXFileReference; lastKnownFileType = sourcecode.swift; path = VisageLogTests.swift; sourceTree = "<group>"; };
		DA396D471C9C97B70027293D /* Info.plist */ = {isa = PBXFileReference; lastKnownFileType = text.plist.xml; path = Info.plist; sourceTree = "<group>"; };
		DA396D4C1C9C97B70027293D /* VisageLogUITests.xctest */ = {isa = PBXFileReference; explicitFileType = wrapper.cfbundle; includeInIndex = 0; path = VisageLogUITests.xctest; sourceTree = BUILT_PRODUCTS_DIR; };
		DA396D501C9C97B70027293D /* VisageLogUITests.swift */ = {isa = PBXFileReference; lastKnownFileType = sourcecode.swift; path = VisageLogUITests.swift; sourceTree = "<group>"; };
		DA396D521C9C97B70027293D /* Info.plist */ = {isa = PBXFileReference; lastKnownFileType = text.plist.xml; path = Info.plist; sourceTree = "<group>"; };
		DA396D5E1C9CA1C30027293D /* Photo.swift */ = {isa = PBXFileReference; fileEncoding = 4; lastKnownFileType = sourcecode.swift; path = Photo.swift; sourceTree = "<group>"; };
		DA396D611C9CA8480027293D /* CoreDataStackManager.swift */ = {isa = PBXFileReference; fileEncoding = 4; lastKnownFileType = sourcecode.swift; path = CoreDataStackManager.swift; sourceTree = "<group>"; };
		DA396D641C9CA86D0027293D /* Model.xcdatamodel */ = {isa = PBXFileReference; lastKnownFileType = wrapper.xcdatamodel; path = Model.xcdatamodel; sourceTree = "<group>"; };
		DA396D661C9CAA750027293D /* CloudVisionClient.swift */ = {isa = PBXFileReference; fileEncoding = 4; lastKnownFileType = sourcecode.swift; path = CloudVisionClient.swift; sourceTree = "<group>"; };
		DA396D681C9CB7E80027293D /* AnalyzePhotoViewController.swift */ = {isa = PBXFileReference; fileEncoding = 4; lastKnownFileType = sourcecode.swift; path = AnalyzePhotoViewController.swift; sourceTree = "<group>"; };
		DA396D6A1CA1A3C40027293D /* CollectionViewController.swift */ = {isa = PBXFileReference; fileEncoding = 4; lastKnownFileType = sourcecode.swift; path = CollectionViewController.swift; sourceTree = "<group>"; };
		DA396D6C1CA1A9D40027293D /* MoodCollectionViewCell.swift */ = {isa = PBXFileReference; fileEncoding = 4; lastKnownFileType = sourcecode.swift; path = MoodCollectionViewCell.swift; sourceTree = "<group>"; };
		DA396D6E1CA1CABA0027293D /* Extensions.swift */ = {isa = PBXFileReference; fileEncoding = 4; lastKnownFileType = sourcecode.swift; path = Extensions.swift; sourceTree = "<group>"; };
/* End PBXFileReference section */

/* Begin PBXFrameworksBuildPhase section */
		DA396D2A1C9C97B70027293D /* Frameworks */ = {
			isa = PBXFrameworksBuildPhase;
			buildActionMask = 2147483647;
			files = (
			);
			runOnlyForDeploymentPostprocessing = 0;
		};
		DA396D3E1C9C97B70027293D /* Frameworks */ = {
			isa = PBXFrameworksBuildPhase;
			buildActionMask = 2147483647;
			files = (
			);
			runOnlyForDeploymentPostprocessing = 0;
		};
		DA396D491C9C97B70027293D /* Frameworks */ = {
			isa = PBXFrameworksBuildPhase;
			buildActionMask = 2147483647;
			files = (
			);
			runOnlyForDeploymentPostprocessing = 0;
		};
/* End PBXFrameworksBuildPhase section */

/* Begin PBXGroup section */
		DA396D241C9C97B70027293D = {
			isa = PBXGroup;
			children = (
				DA396D2F1C9C97B70027293D /* VisageLog */,
				DA396D441C9C97B70027293D /* VisageLogTests */,
				DA396D4F1C9C97B70027293D /* VisageLogUITests */,
				DA396D2E1C9C97B70027293D /* Products */,
			);
			sourceTree = "<group>";
		};
		DA396D2E1C9C97B70027293D /* Products */ = {
			isa = PBXGroup;
			children = (
				DA396D2D1C9C97B70027293D /* VisageLog.app */,
				DA396D411C9C97B70027293D /* VisageLogTests.xctest */,
				DA396D4C1C9C97B70027293D /* VisageLogUITests.xctest */,
			);
			name = Products;
			sourceTree = "<group>";
		};
		DA396D2F1C9C97B70027293D /* VisageLog */ = {
			isa = PBXGroup;
			children = (
				DA396D601C9CA82E0027293D /* Model */,
				DA396D301C9C97B70027293D /* AppDelegate.swift */,
				DA396D321C9C97B70027293D /* TakePictureViewController.swift */,
				DA396D681C9CB7E80027293D /* AnalyzePhotoViewController.swift */,
				DA396D6A1CA1A3C40027293D /* CollectionViewController.swift */,
				DA396D341C9C97B70027293D /* Main.storyboard */,
				DA396D6C1CA1A9D40027293D /* MoodCollectionViewCell.swift */,
				DA396D371C9C97B70027293D /* Assets.xcassets */,
				DA396D391C9C97B70027293D /* LaunchScreen.storyboard */,
				DA396D3C1C9C97B70027293D /* Info.plist */,
			);
			path = VisageLog;
			sourceTree = "<group>";
		};
		DA396D441C9C97B70027293D /* VisageLogTests */ = {
			isa = PBXGroup;
			children = (
				DA396D451C9C97B70027293D /* VisageLogTests.swift */,
				DA396D471C9C97B70027293D /* Info.plist */,
			);
			path = VisageLogTests;
			sourceTree = "<group>";
		};
		DA396D4F1C9C97B70027293D /* VisageLogUITests */ = {
			isa = PBXGroup;
			children = (
				DA396D501C9C97B70027293D /* VisageLogUITests.swift */,
				DA396D521C9C97B70027293D /* Info.plist */,
			);
			path = VisageLogUITests;
			sourceTree = "<group>";
		};
		DA396D601C9CA82E0027293D /* Model */ = {
			isa = PBXGroup;
			children = (
				DA396D611C9CA8480027293D /* CoreDataStackManager.swift */,
				DA396D631C9CA86D0027293D /* Model.xcdatamodeld */,
				DA396D5E1C9CA1C30027293D /* Photo.swift */,
				DA396D661C9CAA750027293D /* CloudVisionClient.swift */,
				DA396D6E1CA1CABA0027293D /* Extensions.swift */,
			);
			name = Model;
			sourceTree = "<group>";
		};
/* End PBXGroup section */

/* Begin PBXNativeTarget section */
		DA396D2C1C9C97B70027293D /* VisageLog */ = {
			isa = PBXNativeTarget;
			buildConfigurationList = DA396D551C9C97B70027293D /* Build configuration list for PBXNativeTarget "VisageLog" */;
			buildPhases = (
				DA396D291C9C97B70027293D /* Sources */,
				DA396D2A1C9C97B70027293D /* Frameworks */,
				DA396D2B1C9C97B70027293D /* Resources */,
			);
			buildRules = (
			);
			dependencies = (
			);
			name = VisageLog;
			productName = VisageLog;
			productReference = DA396D2D1C9C97B70027293D /* VisageLog.app */;
			productType = "com.apple.product-type.application";
		};
		DA396D401C9C97B70027293D /* VisageLogTests */ = {
			isa = PBXNativeTarget;
			buildConfigurationList = DA396D581C9C97B70027293D /* Build configuration list for PBXNativeTarget "VisageLogTests" */;
			buildPhases = (
				DA396D3D1C9C97B70027293D /* Sources */,
				DA396D3E1C9C97B70027293D /* Frameworks */,
				DA396D3F1C9C97B70027293D /* Resources */,
			);
			buildRules = (
			);
			dependencies = (
				DA396D431C9C97B70027293D /* PBXTargetDependency */,
			);
			name = VisageLogTests;
			productName = VisageLogTests;
			productReference = DA396D411C9C97B70027293D /* VisageLogTests.xctest */;
			productType = "com.apple.product-type.bundle.unit-test";
		};
		DA396D4B1C9C97B70027293D /* VisageLogUITests */ = {
			isa = PBXNativeTarget;
			buildConfigurationList = DA396D5B1C9C97B70027293D /* Build configuration list for PBXNativeTarget "VisageLogUITests" */;
			buildPhases = (
				DA396D481C9C97B70027293D /* Sources */,
				DA396D491C9C97B70027293D /* Frameworks */,
				DA396D4A1C9C97B70027293D /* Resources */,
			);
			buildRules = (
			);
			dependencies = (
				DA396D4E1C9C97B70027293D /* PBXTargetDependency */,
			);
			name = VisageLogUITests;
			productName = VisageLogUITests;
			productReference = DA396D4C1C9C97B70027293D /* VisageLogUITests.xctest */;
			productType = "com.apple.product-type.bundle.ui-testing";
		};
/* End PBXNativeTarget section */

/* Begin PBXProject section */
		DA396D251C9C97B70027293D /* Project object */ = {
			isa = PBXProject;
			attributes = {
				LastSwiftUpdateCheck = 0720;
				LastUpgradeCheck = 0720;
				ORGANIZATIONNAME = "Matthew Waller";
				TargetAttributes = {
					DA396D2C1C9C97B70027293D = {
						CreatedOnToolsVersion = 7.2;
					};
					DA396D401C9C97B70027293D = {
						CreatedOnToolsVersion = 7.2;
						TestTargetID = DA396D2C1C9C97B70027293D;
					};
					DA396D4B1C9C97B70027293D = {
						CreatedOnToolsVersion = 7.2;
						TestTargetID = DA396D2C1C9C97B70027293D;
					};
				};
			};
			buildConfigurationList = DA396D281C9C97B70027293D /* Build configuration list for PBXProject "VisageLog" */;
			compatibilityVersion = "Xcode 3.2";
			developmentRegion = English;
			hasScannedForEncodings = 0;
			knownRegions = (
				en,
				Base,
			);
			mainGroup = DA396D241C9C97B70027293D;
			productRefGroup = DA396D2E1C9C97B70027293D /* Products */;
			projectDirPath = "";
			projectRoot = "";
			targets = (
				DA396D2C1C9C97B70027293D /* VisageLog */,
				DA396D401C9C97B70027293D /* VisageLogTests */,
				DA396D4B1C9C97B70027293D /* VisageLogUITests */,
			);
		};
/* End PBXProject section */

/* Begin PBXResourcesBuildPhase section */
		DA396D2B1C9C97B70027293D /* Resources */ = {
			isa = PBXResourcesBuildPhase;
			buildActionMask = 2147483647;
			files = (
				DA396D3B1C9C97B70027293D /* LaunchScreen.storyboard in Resources */,
				DA396D381C9C97B70027293D /* Assets.xcassets in Resources */,
				DA396D361C9C97B70027293D /* Main.storyboard in Resources */,
			);
			runOnlyForDeploymentPostprocessing = 0;
		};
		DA396D3F1C9C97B70027293D /* Resources */ = {
			isa = PBXResourcesBuildPhase;
			buildActionMask = 2147483647;
			files = (
			);
			runOnlyForDeploymentPostprocessing = 0;
		};
		DA396D4A1C9C97B70027293D /* Resources */ = {
			isa = PBXResourcesBuildPhase;
			buildActionMask = 2147483647;
			files = (
			);
			runOnlyForDeploymentPostprocessing = 0;
		};
/* End PBXResourcesBuildPhase section */

/* Begin PBXSourcesBuildPhase section */
		DA396D291C9C97B70027293D /* Sources */ = {
			isa = PBXSourcesBuildPhase;
			buildActionMask = 2147483647;
			files = (
				DA396D5F1C9CA1C30027293D /* Photo.swift in Sources */,
				DA396D6D1CA1A9D40027293D /* MoodCollectionViewCell.swift in Sources */,
				DA396D691C9CB7E80027293D /* AnalyzePhotoViewController.swift in Sources */,
				DA396D671C9CAA750027293D /* CloudVisionClient.swift in Sources */,
				DA396D621C9CA8480027293D /* CoreDataStackManager.swift in Sources */,
				DA396D6F1CA1CABA0027293D /* Extensions.swift in Sources */,
				DA396D6B1CA1A3C40027293D /* CollectionViewController.swift in Sources */,
				DA396D651C9CA86D0027293D /* Model.xcdatamodeld in Sources */,
				DA396D331C9C97B70027293D /* TakePictureViewController.swift in Sources */,
				DA396D311C9C97B70027293D /* AppDelegate.swift in Sources */,
			);
			runOnlyForDeploymentPostprocessing = 0;
		};
		DA396D3D1C9C97B70027293D /* Sources */ = {
			isa = PBXSourcesBuildPhase;
			buildActionMask = 2147483647;
			files = (
				DA396D461C9C97B70027293D /* VisageLogTests.swift in Sources */,
			);
			runOnlyForDeploymentPostprocessing = 0;
		};
		DA396D481C9C97B70027293D /* Sources */ = {
			isa = PBXSourcesBuildPhase;
			buildActionMask = 2147483647;
			files = (
				DA396D511C9C97B70027293D /* VisageLogUITests.swift in Sources */,
			);
			runOnlyForDeploymentPostprocessing = 0;
		};
/* End PBXSourcesBuildPhase section */

/* Begin PBXTargetDependency section */
		DA396D431C9C97B70027293D /* PBXTargetDependency */ = {
			isa = PBXTargetDependency;
			target = DA396D2C1C9C97B70027293D /* VisageLog */;
			targetProxy = DA396D421C9C97B70027293D /* PBXContainerItemProxy */;
		};
		DA396D4E1C9C97B70027293D /* PBXTargetDependency */ = {
			isa = PBXTargetDependency;
			target = DA396D2C1C9C97B70027293D /* VisageLog */;
			targetProxy = DA396D4D1C9C97B70027293D /* PBXContainerItemProxy */;
		};
/* End PBXTargetDependency section */

/* Begin PBXVariantGroup section */
		DA396D341C9C97B70027293D /* Main.storyboard */ = {
			isa = PBXVariantGroup;
			children = (
				DA396D351C9C97B70027293D /* Base */,
			);
			name = Main.storyboard;
			sourceTree = "<group>";
		};
		DA396D391C9C97B70027293D /* LaunchScreen.storyboard */ = {
			isa = PBXVariantGroup;
			children = (
				DA396D3A1C9C97B70027293D /* Base */,
			);
			name = LaunchScreen.storyboard;
			sourceTree = "<group>";
		};
/* End PBXVariantGroup section */

/* Begin XCBuildConfiguration section */
		DA396D531C9C97B70027293D /* Debug */ = {
			isa = XCBuildConfiguration;
			buildSettings = {
				ALWAYS_SEARCH_USER_PATHS = NO;
				CLANG_CXX_LANGUAGE_STANDARD = "gnu++0x";
				CLANG_CXX_LIBRARY = "libc++";
				CLANG_ENABLE_MODULES = YES;
				CLANG_ENABLE_OBJC_ARC = YES;
				CLANG_WARN_BOOL_CONVERSION = YES;
				CLANG_WARN_CONSTANT_CONVERSION = YES;
				CLANG_WARN_DIRECT_OBJC_ISA_USAGE = YES_ERROR;
				CLANG_WARN_EMPTY_BODY = YES;
				CLANG_WARN_ENUM_CONVERSION = YES;
				CLANG_WARN_INT_CONVERSION = YES;
				CLANG_WARN_OBJC_ROOT_CLASS = YES_ERROR;
				CLANG_WARN_UNREACHABLE_CODE = YES;
				CLANG_WARN__DUPLICATE_METHOD_MATCH = YES;
				"CODE_SIGN_IDENTITY[sdk=iphoneos*]" = "iPhone Developer";
				COPY_PHASE_STRIP = NO;
				DEBUG_INFORMATION_FORMAT = dwarf;
				ENABLE_STRICT_OBJC_MSGSEND = YES;
				ENABLE_TESTABILITY = YES;
				GCC_C_LANGUAGE_STANDARD = gnu99;
				GCC_DYNAMIC_NO_PIC = NO;
				GCC_NO_COMMON_BLOCKS = YES;
				GCC_OPTIMIZATION_LEVEL = 0;
				GCC_PREPROCESSOR_DEFINITIONS = (
					"DEBUG=1",
					"$(inherited)",
				);
				GCC_WARN_64_TO_32_BIT_CONVERSION = YES;
				GCC_WARN_ABOUT_RETURN_TYPE = YES_ERROR;
				GCC_WARN_UNDECLARED_SELECTOR = YES;
				GCC_WARN_UNINITIALIZED_AUTOS = YES_AGGRESSIVE;
				GCC_WARN_UNUSED_FUNCTION = YES;
				GCC_WARN_UNUSED_VARIABLE = YES;
				IPHONEOS_DEPLOYMENT_TARGET = 9.2;
				MTL_ENABLE_DEBUG_INFO = YES;
				ONLY_ACTIVE_ARCH = YES;
				SDKROOT = iphoneos;
				SWIFT_OPTIMIZATION_LEVEL = "-Onone";
			};
			name = Debug;
		};
		DA396D541C9C97B70027293D /* Release */ = {
			isa = XCBuildConfiguration;
			buildSettings = {
				ALWAYS_SEARCH_USER_PATHS = NO;
				CLANG_CXX_LANGUAGE_STANDARD = "gnu++0x";
				CLANG_CXX_LIBRARY = "libc++";
				CLANG_ENABLE_MODULES = YES;
				CLANG_ENABLE_OBJC_ARC = YES;
				CLANG_WARN_BOOL_CONVERSION = YES;
				CLANG_WARN_CONSTANT_CONVERSION = YES;
				CLANG_WARN_DIRECT_OBJC_ISA_USAGE = YES_ERROR;
				CLANG_WARN_EMPTY_BODY = YES;
				CLANG_WARN_ENUM_CONVERSION = YES;
				CLANG_WARN_INT_CONVERSION = YES;
				CLANG_WARN_OBJC_ROOT_CLASS = YES_ERROR;
				CLANG_WARN_UNREACHABLE_CODE = YES;
				CLANG_WARN__DUPLICATE_METHOD_MATCH = YES;
				"CODE_SIGN_IDENTITY[sdk=iphoneos*]" = "iPhone Developer";
				COPY_PHASE_STRIP = NO;
				DEBUG_INFORMATION_FORMAT = "dwarf-with-dsym";
				ENABLE_NS_ASSERTIONS = NO;
				ENABLE_STRICT_OBJC_MSGSEND = YES;
				GCC_C_LANGUAGE_STANDARD = gnu99;
				GCC_NO_COMMON_BLOCKS = YES;
				GCC_WARN_64_TO_32_BIT_CONVERSION = YES;
				GCC_WARN_ABOUT_RETURN_TYPE = YES_ERROR;
				GCC_WARN_UNDECLARED_SELECTOR = YES;
				GCC_WARN_UNINITIALIZED_AUTOS = YES_AGGRESSIVE;
				GCC_WARN_UNUSED_FUNCTION = YES;
				GCC_WARN_UNUSED_VARIABLE = YES;
				IPHONEOS_DEPLOYMENT_TARGET = 9.2;
				MTL_ENABLE_DEBUG_INFO = NO;
				SDKROOT = iphoneos;
				VALIDATE_PRODUCT = YES;
			};
			name = Release;
		};
		DA396D561C9C97B70027293D /* Debug */ = {
			isa = XCBuildConfiguration;
			buildSettings = {
				ASSETCATALOG_COMPILER_APPICON_NAME = AppIcon;
				CODE_SIGN_IDENTITY = "iPhone Developer";
				INFOPLIST_FILE = VisageLog/Info.plist;
				LD_RUNPATH_SEARCH_PATHS = "$(inherited) @executable_path/Frameworks";
				PRODUCT_BUNDLE_IDENTIFIER = com.MWaller.VisageLog;
				PRODUCT_NAME = "$(TARGET_NAME)";
			};
			name = Debug;
		};
		DA396D571C9C97B70027293D /* Release */ = {
			isa = XCBuildConfiguration;
			buildSettings = {
				ASSETCATALOG_COMPILER_APPICON_NAME = AppIcon;
				CODE_SIGN_IDENTITY = "iPhone Developer";
				INFOPLIST_FILE = VisageLog/Info.plist;
				LD_RUNPATH_SEARCH_PATHS = "$(inherited) @executable_path/Frameworks";
				PRODUCT_BUNDLE_IDENTIFIER = com.MWaller.VisageLog;
				PRODUCT_NAME = "$(TARGET_NAME)";
			};
			name = Release;
		};
		DA396D591C9C97B70027293D /* Debug */ = {
			isa = XCBuildConfiguration;
			buildSettings = {
				BUNDLE_LOADER = "$(TEST_HOST)";
				INFOPLIST_FILE = VisageLogTests/Info.plist;
				LD_RUNPATH_SEARCH_PATHS = "$(inherited) @executable_path/Frameworks @loader_path/Frameworks";
				PRODUCT_BUNDLE_IDENTIFIER = com.MWaller.VisageLogTests;
				PRODUCT_NAME = "$(TARGET_NAME)";
				TEST_HOST = "$(BUILT_PRODUCTS_DIR)/VisageLog.app/VisageLog";
			};
			name = Debug;
		};
		DA396D5A1C9C97B70027293D /* Release */ = {
			isa = XCBuildConfiguration;
			buildSettings = {
				BUNDLE_LOADER = "$(TEST_HOST)";
				INFOPLIST_FILE = VisageLogTests/Info.plist;
				LD_RUNPATH_SEARCH_PATHS = "$(inherited) @executable_path/Frameworks @loader_path/Frameworks";
				PRODUCT_BUNDLE_IDENTIFIER = com.MWaller.VisageLogTests;
				PRODUCT_NAME = "$(TARGET_NAME)";
				TEST_HOST = "$(BUILT_PRODUCTS_DIR)/VisageLog.app/VisageLog";
			};
			name = Release;
		};
		DA396D5C1C9C97B70027293D /* Debug */ = {
			isa = XCBuildConfiguration;
			buildSettings = {
				INFOPLIST_FILE = VisageLogUITests/Info.plist;
				LD_RUNPATH_SEARCH_PATHS = "$(inherited) @executable_path/Frameworks @loader_path/Frameworks";
				PRODUCT_BUNDLE_IDENTIFIER = com.MWaller.VisageLogUITests;
				PRODUCT_NAME = "$(TARGET_NAME)";
				TEST_TARGET_NAME = VisageLog;
				USES_XCTRUNNER = YES;
			};
			name = Debug;
		};
		DA396D5D1C9C97B70027293D /* Release */ = {
			isa = XCBuildConfiguration;
			buildSettings = {
				INFOPLIST_FILE = VisageLogUITests/Info.plist;
				LD_RUNPATH_SEARCH_PATHS = "$(inherited) @executable_path/Frameworks @loader_path/Frameworks";
				PRODUCT_BUNDLE_IDENTIFIER = com.MWaller.VisageLogUITests;
				PRODUCT_NAME = "$(TARGET_NAME)";
				TEST_TARGET_NAME = VisageLog;
				USES_XCTRUNNER = YES;
			};
			name = Release;
		};
/* End XCBuildConfiguration section */

/* Begin XCConfigurationList section */
		DA396D281C9C97B70027293D /* Build configuration list for PBXProject "VisageLog" */ = {
			isa = XCConfigurationList;
			buildConfigurations = (
				DA396D531C9C97B70027293D /* Debug */,
				DA396D541C9C97B70027293D /* Release */,
			);
			defaultConfigurationIsVisible = 0;
			defaultConfigurationName = Release;
		};
		DA396D551C9C97B70027293D /* Build configuration list for PBXNativeTarget "VisageLog" */ = {
			isa = XCConfigurationList;
			buildConfigurations = (
				DA396D561C9C97B70027293D /* Debug */,
				DA396D571C9C97B70027293D /* Release */,
			);
			defaultConfigurationIsVisible = 0;
		};
		DA396D581C9C97B70027293D /* Build configuration list for PBXNativeTarget "VisageLogTests" */ = {
			isa = XCConfigurationList;
			buildConfigurations = (
				DA396D591C9C97B70027293D /* Debug */,
				DA396D5A1C9C97B70027293D /* Release */,
			);
			defaultConfigurationIsVisible = 0;
		};
		DA396D5B1C9C97B70027293D /* Build configuration list for PBXNativeTarget "VisageLogUITests" */ = {
			isa = XCConfigurationList;
			buildConfigurations = (
				DA396D5C1C9C97B70027293D /* Debug */,
				DA396D5D1C9C97B70027293D /* Release */,
			);
			defaultConfigurationIsVisible = 0;
		};
/* End XCConfigurationList section */

/* Begin XCVersionGroup section */
		DA396D631C9CA86D0027293D /* Model.xcdatamodeld */ = {
			isa = XCVersionGroup;
			children = (
				DA396D641C9CA86D0027293D /* Model.xcdatamodel */,
			);
			currentVersion = DA396D641C9CA86D0027293D /* Model.xcdatamodel */;
			path = Model.xcdatamodeld;
			sourceTree = "<group>";
			versionGroupType = wrapper.xcdatamodel;
		};
/* End XCVersionGroup section */
	};
	rootObject = DA396D251C9C97B70027293D /* Project object */;
}
